
Microsoft Visual Studio Solution File, Format Version 12.00
# Visual Studio 15
VisualStudioVersion = 15.0.28307.779
MinimumVisualStudioVersion = 10.0.40219.1
Project("{FAE04EC0-301F-11D3-BF4B-00C04F79EFBC}") = "UserApp", "UserApp\UserApp.csproj", "{EF956339-B8A7-4D93-A46E-F99F61B0AE56}"
EndProject
Global
	GlobalSection(SolutionConfigurationPlatforms) = preSolution
		Debug|Any CPU = Debug|Any CPU
		Release|Any CPU = Release|Any CPU
	EndGlobalSection
	GlobalSection(ProjectConfigurationPlatforms) = postSolution
		{EF956339-B8A7-4D93-A46E-F99F61B0AE56}.Debug|Any CPU.ActiveCfg = Debug|Any CPU
		{EF956339-B8A7-4D93-A46E-F99F61B0AE56}.Debug|Any CPU.Build.0 = Debug|Any CPU
		{EF956339-B8A7-4D93-A46E-F99F61B0AE56}.Release|Any CPU.ActiveCfg = Release|Any CPU
		{EF956339-B8A7-4D93-A46E-F99F61B0AE56}.Release|Any CPU.Build.0 = Release|Any CPU
	EndGlobalSection
	GlobalSection(SolutionProperties) = preSolution
		HideSolutionNode = FALSE
	EndGlobalSection
	GlobalSection(ExtensibilityGlobals) = postSolution
		SolutionGuid = {3F8C3D52-D4F0-4F8E-BAB8-A04177F0474F}
	EndGlobalSection
EndGlobal
